{
	"name": "coffeehouse",
	"version": "1.0.0",
	"lockfileVersion": 2,
	"requires": true,
	"packages": {
		"": {
			"name": "coffeehouse",
			"version": "1.0.0",
			"hasInstallScript": true,
			"license": "ISC",
			"dependencies": {
				"reselect": "^4.1.7"
			}
		},
		"node_modules/reselect": {
			"version": "4.1.7",
			"resolved": "https://registry.npmjs.org/reselect/-/reselect-4.1.7.tgz",
			"integrity": "sha512-Zu1xbUt3/OPwsXL46hvOOoQrap2azE7ZQbokq61BQfiXvhewsKDwhMeZjTX9sX0nvw1t/U5Audyn1I9P/m9z0A=="
		}
	},
	"dependencies": {
		"reselect": {
			"version": "4.1.7",
			"resolved": "https://registry.npmjs.org/reselect/-/reselect-4.1.7.tgz",
			"integrity": "sha512-Zu1xbUt3/OPwsXL46hvOOoQrap2azE7ZQbokq61BQfiXvhewsKDwhMeZjTX9sX0nvw1t/U5Audyn1I9P/m9z0A=="
		}
	}
}
